
Microsoft Visual Studio Solution File, Format Version 12.00
# Visual Studio Version 17
VisualStudioVersion = 17.4.33122.133
MinimumVisualStudioVersion = 10.0.40219.1
Project("{FAE04EC0-301F-11D3-BF4B-00C04F79EFBC}") = "ConsoleApp3", "ConsoleApp3\ConsoleApp3.csproj", "{72AAFB69-96B7-47E6-A109-D811F58C066B}"
EndProject
Global
	GlobalSection(SolutionConfigurationPlatforms) = preSolution
		Debug|Any CPU = Debug|Any CPU
		Release|Any CPU = Release|Any CPU
	EndGlobalSection
	GlobalSection(ProjectConfigurationPlatforms) = postSolution
		{72AAFB69-96B7-47E6-A109-D811F58C066B}.Debug|Any CPU.ActiveCfg = Debug|Any CPU
		{72AAFB69-96B7-47E6-A109-D811F58C066B}.Debug|Any CPU.Build.0 = Debug|Any CPU
		{72AAFB69-96B7-47E6-A109-D811F58C066B}.Release|Any CPU.ActiveCfg = Release|Any CPU
		{72AAFB69-96B7-47E6-A109-D811F58C066B}.Release|Any CPU.Build.0 = Release|Any CPU
	EndGlobalSection
	GlobalSection(SolutionProperties) = preSolution
		HideSolutionNode = FALSE
	EndGlobalSection
	GlobalSection(ExtensibilityGlobals) = postSolution
		SolutionGuid = {A36D6258-6484-451B-B3B4-2B133AD76506}
	EndGlobalSection
EndGlobal
